
Microsoft Visual Studio Solution File, Format Version 12.00
# Visual Studio Version 17
VisualStudioVersion = 17.5.002.0
MinimumVisualStudioVersion = 10.0.40219.1
Project("{9A19103F-16F7-4668-BE54-9A1E7A4F7556}") = "ToDoApi", "ToDoApi.csproj", "{C0604222-D5A5-4F5C-A454-68BB785786FC}"
EndProject
Global
	GlobalSection(SolutionConfigurationPlatforms) = preSolution
		Debug|Any CPU = Debug|Any CPU
		Release|Any CPU = Release|Any CPU
	EndGlobalSection
	GlobalSection(ProjectConfigurationPlatforms) = postSolution
		{C0604222-D5A5-4F5C-A454-68BB785786FC}.Debug|Any CPU.ActiveCfg = Debug|Any CPU
		{C0604222-D5A5-4F5C-A454-68BB785786FC}.Debug|Any CPU.Build.0 = Debug|Any CPU
		{C0604222-D5A5-4F5C-A454-68BB785786FC}.Release|Any CPU.ActiveCfg = Release|Any CPU
		{C0604222-D5A5-4F5C-A454-68BB785786FC}.Release|Any CPU.Build.0 = Release|Any CPU
	EndGlobalSection
	GlobalSection(SolutionProperties) = preSolution
		HideSolutionNode = FALSE
	EndGlobalSection
	GlobalSection(ExtensibilityGlobals) = postSolution
		SolutionGuid = {7AA9D605-4C38-4D2E-92EA-BD854938705B}
	EndGlobalSection
EndGlobal
